<?xml version="1.0" encoding="utf-8"?>
<Project ToolsVersion="4.0" xmlns="http://schemas.microsoft.com/developer/msbuild/2003">
  <ItemGroup>
    <Filter Include="include">
      <UniqueIdentifier>{93995380-89BD-4b04-88EB-625FBE52EBFB}</UniqueIdentifier>
      <Extensions>h;hh;hpp;hxx;hm;inl;inc;xsd</Extensions>
    </Filter>
    <Filter Include="src">
      <UniqueIdentifier>{4FC737F1-C7A5-4376-A066-2A32D752A2FF}</UniqueIdentifier>
      <Extensions>cpp;c;cc;cxx;def;odl;idl;hpj;bat;asm;asmx;h;hh;hpp;hxx;hm;inl;inc;ipp;xsd</Extensions>
    </Filter>
    <Filter Include="res">
      <UniqueIdentifier>{67DA6AB6-F800-4c08-8B7A-83BB121AAD01}</UniqueIdentifier>
      <Extensions>rc;ico;cur;bmp;dlg;rc2;rct;bin;rgs;gif;jpg;jpeg;jpe;resx;tiff;tif;png;wav;mfcribbon-ms</Extensions>
    </Filter>
    <Filter Include="src\basic">
      <UniqueIdentifier>{f5cb8865-264b-4ec2-a663-15a44a0a9bef}</UniqueIdentifier>
    </Filter>
    <Filter Include="src\basic\msvc">
      <UniqueIdentifier>{446be870-5425-4694-b9b3-277dcd327eec}</UniqueIdentifier>
    </Filter>
    <Filter Include="src\config">
      <UniqueIdentifier>{512c107c-812c-4405-93d0-b4dd5ae8d28f}</UniqueIdentifier>
    </Filter>
    <Filter Include="src\actor">
      <UniqueIdentifier>{56512d65-1891-4495-a52d-ab2d773b4597}</UniqueIdentifier>
    </Filter>
    <Filter Include="src\event">
      <UniqueIdentifier>{9da3fdaa-91e9-47eb-b9d2-0ecbd86c4074}</UniqueIdentifier>
    </Filter>
    <Filter Include="src\dispatch">
      <UniqueIdentifier>{acdedb1e-a7b6-4678-8b6f-ae9643d19d44}</UniqueIdentifier>
    </Filter>
    <Filter Include="src\routing">
      <UniqueIdentifier>{96eecb34-b1be-4f1e-bfc8-f02d14d9e183}</UniqueIdentifier>
    </Filter>
    <Filter Include="src\utils">
      <UniqueIdentifier>{dc953eda-5dbe-4587-b988-1dce48fd7ea5}</UniqueIdentifier>
    </Filter>
    <Filter Include="src\scheduler">
      <UniqueIdentifier>{7088fa32-1270-4c87-bb23-6afbd46d0e7b}</UniqueIdentifier>
    </Filter>
    <Filter Include="src\queue">
      <UniqueIdentifier>{d78e3ac0-a191-4912-abdd-15e0a93fa6ed}</UniqueIdentifier>
    </Filter>
    <Filter Include="src\system">
      <UniqueIdentifier>{098b1cc6-4517-432b-ac15-67d6c44b44fe}</UniqueIdentifier>
    </Filter>
  </ItemGroup>
  <ItemGroup>
    <ClInclude Include="..\..\..\..\..\src\main\TiActor\basic\stddef.h">
      <Filter>src\basic</Filter>
    </ClInclude>
    <ClInclude Include="..\..\..\..\..\src\main\TiActor\basic\msvc\inttypes.h">
      <Filter>src\basic\msvc</Filter>
    </ClInclude>
    <ClInclude Include="..\..\..\..\..\src\main\TiActor\basic\msvc\stdbool.h">
      <Filter>src\basic\msvc</Filter>
    </ClInclude>
    <ClInclude Include="..\..\..\..\..\src\main\TiActor\basic\msvc\stdint.h">
      <Filter>src\basic\msvc</Filter>
    </ClInclude>
    <ClInclude Include="..\..\..\..\..\src\main\TiActor\basic\stdint.h">
      <Filter>src\basic</Filter>
    </ClInclude>
    <ClInclude Include="..\..\..\..\..\src\main\TiActor\basic\inttypes.h">
      <Filter>src\basic</Filter>
    </ClInclude>
    <ClInclude Include="..\..\..\..\..\src\main\TiActor\basic\stdbool.h">
      <Filter>src\basic</Filter>
    </ClInclude>
    <ClInclude Include="..\..\..\..\..\src\main\TiActor\basic\stdsize.h">
      <Filter>src\basic</Filter>
    </ClInclude>
    <ClInclude Include="..\..\..\..\..\src\main\TiActor\actor\ActorSystem.h">
      <Filter>src\actor</Filter>
    </ClInclude>
    <ClInclude Include="..\..\..\..\..\src\main\TiActor\actor\Actor.h">
      <Filter>src\actor</Filter>
    </ClInclude>
    <ClInclude Include="..\..\..\..\..\src\main\TiActor\config\Config.h">
      <Filter>src\config</Filter>
    </ClInclude>
    <ClInclude Include="..\..\..\..\..\src\main\TiActor\config\ConfigurationFactory.h">
      <Filter>src\config</Filter>
    </ClInclude>
    <ClInclude Include="..\..\..\..\..\src\main\TiActor\actor\ActorSystemImpl.h">
      <Filter>src\actor</Filter>
    </ClInclude>
    <ClInclude Include="..\..\..\..\..\src\main\TiActor\actor\ActorBase.h">
      <Filter>src\actor</Filter>
    </ClInclude>
    <ClInclude Include="..\..\..\..\..\src\main\TiActor\actor\IActorRefFactory.h">
      <Filter>src\actor</Filter>
    </ClInclude>
    <ClInclude Include="..\..\..\..\..\src\main\TiActor\actor\IActorContext.h">
      <Filter>src\actor</Filter>
    </ClInclude>
    <ClInclude Include="..\..\..\..\..\src\main\TiActor\actor\IActorRef.h">
      <Filter>src\actor</Filter>
    </ClInclude>
    <ClInclude Include="..\..\..\..\..\src\main\TiActor\dispatch\Mailbox.h">
      <Filter>src\dispatch</Filter>
    </ClInclude>
    <ClInclude Include="..\..\..\..\..\src\main\TiActor\all.h">
      <Filter>src</Filter>
    </ClInclude>
    <ClInclude Include="..\..\..\..\..\src\main\TiActor\actor\ActorRef.h">
      <Filter>src\actor</Filter>
    </ClInclude>
    <ClInclude Include="..\..\..\..\..\src\main\TiActor\actor\Props.h">
      <Filter>src\actor</Filter>
    </ClInclude>
    <ClInclude Include="..\..\..\..\..\src\main\TiActor\actor\Deploy.h">
      <Filter>src\actor</Filter>
    </ClInclude>
    <ClInclude Include="..\..\..\..\..\src\main\TiActor\actor\ActorPath.h">
      <Filter>src\actor</Filter>
    </ClInclude>
    <ClInclude Include="..\..\..\..\..\src\main\TiActor\actor\IInternalActorRef.h">
      <Filter>src\actor</Filter>
    </ClInclude>
    <ClInclude Include="..\..\..\..\..\src\main\TiActor\actor\UntypedActor.h">
      <Filter>src\actor</Filter>
    </ClInclude>
    <ClInclude Include="..\..\..\..\..\src\main\TiActor\routing\Router.h">
      <Filter>src\routing</Filter>
    </ClInclude>
    <ClInclude Include="..\..\..\..\..\src\main\TiActor\actor\ICanTell.h">
      <Filter>src\actor</Filter>
    </ClInclude>
    <ClInclude Include="..\..\..\..\..\src\main\TiActor\actor\ISurrogated.h">
      <Filter>src\actor</Filter>
    </ClInclude>
    <ClInclude Include="..\..\..\..\..\src\main\TiActor\routing\RoundRobinRouter.h">
      <Filter>src\routing</Filter>
    </ClInclude>
    <ClInclude Include="..\..\..\..\..\src\main\TiActor\actor\Message.h">
      <Filter>src\actor</Filter>
    </ClInclude>
    <ClInclude Include="..\..\..\..\..\src\main\TiActor\actor\MessageBase.h">
      <Filter>src\actor</Filter>
    </ClInclude>
    <ClInclude Include="..\..\..\..\..\src\main\TiActor\actor\MessageObject.h">
      <Filter>src\actor</Filter>
    </ClInclude>
    <ClInclude Include="..\..\..\..\..\src\main\TiActor\routing\RouterConfig.h">
      <Filter>src\routing</Filter>
    </ClInclude>
    <ClInclude Include="..\..\..\..\..\src\main\TiActor\utils\Runtime.h">
      <Filter>src\utils</Filter>
    </ClInclude>
    <ClInclude Include="..\..\..\..\..\src\main\TiActor\actor\IDisposable.h">
      <Filter>src\actor</Filter>
    </ClInclude>
    <ClInclude Include="..\..\..\..\..\src\main\TiActor\scheduler\IScheduler.h">
      <Filter>src\scheduler</Filter>
    </ClInclude>
    <ClInclude Include="..\..\..\..\..\src\main\TiActor\scheduler\ITellScheduler.h">
      <Filter>src\scheduler</Filter>
    </ClInclude>
    <ClInclude Include="..\..\..\..\..\src\main\TiActor\scheduler\IAdvancedScheduler.h">
      <Filter>src\scheduler</Filter>
    </ClInclude>
    <ClInclude Include="..\..\..\..\..\src\main\TiActor\scheduler\ITimeProvider.h">
      <Filter>src\scheduler</Filter>
    </ClInclude>
    <ClInclude Include="..\..\..\..\..\src\main\TiActor\scheduler\IActionScheduler.h">
      <Filter>src\scheduler</Filter>
    </ClInclude>
    <ClInclude Include="..\..\..\..\..\src\main\TiActor\actor\ExtendedActorSystem.h">
      <Filter>src\actor</Filter>
    </ClInclude>
    <ClInclude Include="..\..\..\..\..\src\main\TiActor\utils\StringUtils.h">
      <Filter>src\utils</Filter>
    </ClInclude>
    <ClInclude Include="..\..\..\..\..\src\main\TiActor\actor\IActorRefScope.h">
      <Filter>src\actor</Filter>
    </ClInclude>
    <ClInclude Include="..\..\..\..\..\src\main\TiActor\actor\INoSerializationVerificationNeeded.h">
      <Filter>src\actor</Filter>
    </ClInclude>
    <ClInclude Include="..\..\..\..\..\src\main\TiActor\basic\threadlocal.h">
      <Filter>src\basic</Filter>
    </ClInclude>
    <ClInclude Include="..\..\..\..\..\src\main\TiActor\utils\ToString.h">
      <Filter>src\utils</Filter>
    </ClInclude>
    <ClInclude Include="..\..\..\..\..\src\main\TiActor\utils\MinMax.h">
      <Filter>src\utils</Filter>
    </ClInclude>
    <ClInclude Include="..\..\..\..\..\src\main\TiActor\queue\RingQueue.h">
      <Filter>src\queue</Filter>
    </ClInclude>
    <ClInclude Include="..\..\..\..\..\src\main\TiActor\utils\PowOf2.h">
      <Filter>src\utils</Filter>
    </ClInclude>
    <ClInclude Include="..\..\..\..\..\src\main\TiActor\queue\portable.h">
      <Filter>src\queue</Filter>
    </ClInclude>
    <ClInclude Include="..\..\..\..\..\src\main\TiActor\basic\msvc\targetver.h">
      <Filter>src\basic\msvc</Filter>
    </ClInclude>
    <ClInclude Include="..\..\..\..\..\src\main\TiActor\basic\msvc\vld.h">
      <Filter>src\basic\msvc</Filter>
    </ClInclude>
    <ClInclude Include="..\..\..\..\..\src\main\TiActor\system\sleep.h">
      <Filter>src\system</Filter>
    </ClInclude>
    <ClInclude Include="..\..\..\..\..\src\main\TiActor\config\static_link.h">
      <Filter>src\config</Filter>
    </ClInclude>
    <ClInclude Include="..\..\..\..\..\src\main\TiActor\config\ActorConfig.h">
      <Filter>src\config</Filter>
    </ClInclude>
    <ClInclude Include="..\..\..\..\..\src\main\TiActor\actor\IMessage.h">
      <Filter>src\actor</Filter>
    </ClInclude>
    <ClInclude Include="..\..\..\..\..\src\main\TiActor\actor\InternalCurrentActorCellKeeper.h">
      <Filter>src\actor</Filter>
    </ClInclude>
    <ClInclude Include="..\..\..\..\..\src\main\TiActor\actor\IUntypedActorContext.h">
      <Filter>src\actor</Filter>
    </ClInclude>
    <ClInclude Include="..\..\..\..\..\src\main\TiActor\actor\ActorCell.h">
      <Filter>src\actor</Filter>
    </ClInclude>
    <ClInclude Include="..\..\..\..\..\src\main\TiActor\actor\ICell.h">
      <Filter>src\actor</Filter>
    </ClInclude>
    <ClInclude Include="..\..\..\..\..\src\main\TiActor\actor\ActorState.h">
      <Filter>src\actor</Filter>
    </ClInclude>
    <ClInclude Include="..\..\..\..\..\src\main\TiActor\actor\ActorRefProvider.h">
      <Filter>src\actor</Filter>
    </ClInclude>
    <ClInclude Include="..\..\..\..\..\src\main\TiActor\dispatch\MessageDispatcher.h">
      <Filter>src\dispatch</Filter>
    </ClInclude>
    <ClInclude Include="..\..\..\..\..\src\main\TiActor\dispatch\Dispatchers.h">
      <Filter>src\dispatch</Filter>
    </ClInclude>
    <ClInclude Include="..\..\..\..\..\src\main\TiActor\dispatch\Mailboxes.h">
      <Filter>src\dispatch</Filter>
    </ClInclude>
    <ClInclude Include="..\..\..\..\..\src\main\TiActor\dispatch\MessageQueueMailbox.h">
      <Filter>src\dispatch</Filter>
    </ClInclude>
    <ClInclude Include="..\..\..\..\..\src\main\TiActor\dispatch\IMessageQueue.h">
      <Filter>src\dispatch</Filter>
    </ClInclude>
    <ClInclude Include="..\..\..\..\..\src\main\TiActor\dispatch\ConcurrentQueueMailbox.h">
      <Filter>src\dispatch</Filter>
    </ClInclude>
    <ClInclude Include="..\..\..\..\..\src\main\TiActor\dispatch\ThreadPoolDispatcher.h">
      <Filter>src\dispatch</Filter>
    </ClInclude>
    <ClInclude Include="..\..\..\..\..\src\main\TiActor\actor\Action.h">
      <Filter>src\actor</Filter>
    </ClInclude>
    <ClInclude Include="..\..\..\..\..\src\main\TiActor\actor\RootGuardianActorRef.h">
      <Filter>src\actor</Filter>
    </ClInclude>
    <ClInclude Include="..\..\..\..\..\src\main\TiActor\actor\LocalActorRef.h">
      <Filter>src\actor</Filter>
    </ClInclude>
    <ClInclude Include="..\..\..\..\..\src\main\TiActor\actor\IIndirectActorProducer.h">
      <Filter>src\actor</Filter>
    </ClInclude>
    <ClInclude Include="..\..\..\..\..\src\main\TiActor\actor\DefaultProducer.h">
      <Filter>src\actor</Filter>
    </ClInclude>
    <ClInclude Include="..\..\..\..\..\src\main\TiActor\scheduler\SchedulerBase.h">
      <Filter>src\scheduler</Filter>
    </ClInclude>
    <ClInclude Include="..\..\..\..\..\src\main\TiActor\actor\ActivatorProducer.h">
      <Filter>src\actor</Filter>
    </ClInclude>
    <ClInclude Include="..\..\..\..\..\src\main\TiActor\actor\BuiltInActors.h">
      <Filter>src\actor</Filter>
    </ClInclude>
    <ClInclude Include="..\..\..\..\..\src\main\TiActor\actor\EmptyLocalActorRef.h">
      <Filter>src\actor</Filter>
    </ClInclude>
    <ClInclude Include="..\..\..\..\..\src\main\TiActor\actor\SystemMessage.h">
      <Filter>src\actor</Filter>
    </ClInclude>
  </ItemGroup>
  <ItemGroup>
    <ClCompile Include="..\..\..\..\..\src\main\TiActor\actor\ActorSystem.cpp">
      <Filter>src\actor</Filter>
    </ClCompile>
    <ClCompile Include="..\..\..\..\..\src\main\TiActor\actor\ActorSystemImpl.cpp">
      <Filter>src\actor</Filter>
    </ClCompile>
    <ClCompile Include="..\..\..\..\..\src\main\TiActor\system\sleep.c">
      <Filter>src\system</Filter>
    </ClCompile>
    <ClCompile Include="..\..\..\..\..\src\main\TiActor\actor\ActorCell.cpp">
      <Filter>src\actor</Filter>
    </ClCompile>
    <ClCompile Include="..\..\..\..\..\src\main\TiActor\actor\ActorRefProvider.cpp">
      <Filter>src\actor</Filter>
    </ClCompile>
    <ClCompile Include="..\..\..\..\..\src\main\TiActor\actor\LocalActorRef.cpp">
      <Filter>src\actor</Filter>
    </ClCompile>
    <ClCompile Include="..\..\..\..\..\src\main\TiActor\dispatch\Dispatchers.cpp">
      <Filter>src\dispatch</Filter>
    </ClCompile>
    <ClCompile Include="..\..\..\..\..\src\main\TiActor\actor\ActorRef.cpp">
      <Filter>src\actor</Filter>
    </ClCompile>
    <ClCompile Include="..\..\..\..\..\src\main\TiActor\actor\Props.cpp">
      <Filter>src\actor</Filter>
    </ClCompile>
  </ItemGroup>
</Project>